
Microsoft Visual Studio Solution File, Format Version 12.00
# Visual Studio 15
VisualStudioVersion = 15.0.28306.52
MinimumVisualStudioVersion = 10.0.40219.1
Project("{8BC9CEB8-8B4A-11D0-8D11-00A0C91BC942}") = "problem30", "problem30\problem30.vcxproj", "{937AD17A-2380-4AFB-A73D-3AEC17362D06}"
EndProject
Global
	GlobalSection(SolutionConfigurationPlatforms) = preSolution
		Debug|x64 = Debug|x64
		Debug|x86 = Debug|x86
		Release|x64 = Release|x64
		Release|x86 = Release|x86
	EndGlobalSection
	GlobalSection(ProjectConfigurationPlatforms) = postSolution
		{937AD17A-2380-4AFB-A73D-3AEC17362D06}.Debug|x64.ActiveCfg = Debug|x64
		{937AD17A-2380-4AFB-A73D-3AEC17362D06}.Debug|x64.Build.0 = Debug|x64
		{937AD17A-2380-4AFB-A73D-3AEC17362D06}.Debug|x86.ActiveCfg = Debug|Win32
		{937AD17A-2380-4AFB-A73D-3AEC17362D06}.Debug|x86.Build.0 = Debug|Win32
		{937AD17A-2380-4AFB-A73D-3AEC17362D06}.Release|x64.ActiveCfg = Release|x64
		{937AD17A-2380-4AFB-A73D-3AEC17362D06}.Release|x64.Build.0 = Release|x64
		{937AD17A-2380-4AFB-A73D-3AEC17362D06}.Release|x86.ActiveCfg = Release|Win32
		{937AD17A-2380-4AFB-A73D-3AEC17362D06}.Release|x86.Build.0 = Release|Win32
	EndGlobalSection
	GlobalSection(SolutionProperties) = preSolution
		HideSolutionNode = FALSE
	EndGlobalSection
	GlobalSection(ExtensibilityGlobals) = postSolution
		SolutionGuid = {16794055-2346-4AA8-9ADF-887BDE1769B4}
	EndGlobalSection
EndGlobal
