
Microsoft Visual Studio Solution File, Format Version 12.00
# Visual Studio 15
VisualStudioVersion = 15.0.28306.52
MinimumVisualStudioVersion = 10.0.40219.1
Project("{8BC9CEB8-8B4A-11D0-8D11-00A0C91BC942}") = "problem53-2", "problem53-2\problem53-2.vcxproj", "{B665F9D3-36BA-447E-ACDE-9A048F51C6D0}"
EndProject
Global
	GlobalSection(SolutionConfigurationPlatforms) = preSolution
		Debug|x64 = Debug|x64
		Debug|x86 = Debug|x86
		Release|x64 = Release|x64
		Release|x86 = Release|x86
	EndGlobalSection
	GlobalSection(ProjectConfigurationPlatforms) = postSolution
		{B665F9D3-36BA-447E-ACDE-9A048F51C6D0}.Debug|x64.ActiveCfg = Debug|x64
		{B665F9D3-36BA-447E-ACDE-9A048F51C6D0}.Debug|x64.Build.0 = Debug|x64
		{B665F9D3-36BA-447E-ACDE-9A048F51C6D0}.Debug|x86.ActiveCfg = Debug|Win32
		{B665F9D3-36BA-447E-ACDE-9A048F51C6D0}.Debug|x86.Build.0 = Debug|Win32
		{B665F9D3-36BA-447E-ACDE-9A048F51C6D0}.Release|x64.ActiveCfg = Release|x64
		{B665F9D3-36BA-447E-ACDE-9A048F51C6D0}.Release|x64.Build.0 = Release|x64
		{B665F9D3-36BA-447E-ACDE-9A048F51C6D0}.Release|x86.ActiveCfg = Release|Win32
		{B665F9D3-36BA-447E-ACDE-9A048F51C6D0}.Release|x86.Build.0 = Release|Win32
	EndGlobalSection
	GlobalSection(SolutionProperties) = preSolution
		HideSolutionNode = FALSE
	EndGlobalSection
	GlobalSection(ExtensibilityGlobals) = postSolution
		SolutionGuid = {088595C9-BFC3-4399-9B8C-910CE353A6CE}
	EndGlobalSection
EndGlobal
