
Microsoft Visual Studio Solution File, Format Version 12.00
# Visual Studio 15
VisualStudioVersion = 15.0.28306.52
MinimumVisualStudioVersion = 10.0.40219.1
Project("{8BC9CEB8-8B4A-11D0-8D11-00A0C91BC942}") = "problem59", "problem59\problem59.vcxproj", "{0B8F2087-0FAC-4E66-92D6-C2407B7B8D4B}"
EndProject
Global
	GlobalSection(SolutionConfigurationPlatforms) = preSolution
		Debug|x64 = Debug|x64
		Debug|x86 = Debug|x86
		Release|x64 = Release|x64
		Release|x86 = Release|x86
	EndGlobalSection
	GlobalSection(ProjectConfigurationPlatforms) = postSolution
		{0B8F2087-0FAC-4E66-92D6-C2407B7B8D4B}.Debug|x64.ActiveCfg = Debug|x64
		{0B8F2087-0FAC-4E66-92D6-C2407B7B8D4B}.Debug|x64.Build.0 = Debug|x64
		{0B8F2087-0FAC-4E66-92D6-C2407B7B8D4B}.Debug|x86.ActiveCfg = Debug|Win32
		{0B8F2087-0FAC-4E66-92D6-C2407B7B8D4B}.Debug|x86.Build.0 = Debug|Win32
		{0B8F2087-0FAC-4E66-92D6-C2407B7B8D4B}.Release|x64.ActiveCfg = Release|x64
		{0B8F2087-0FAC-4E66-92D6-C2407B7B8D4B}.Release|x64.Build.0 = Release|x64
		{0B8F2087-0FAC-4E66-92D6-C2407B7B8D4B}.Release|x86.ActiveCfg = Release|Win32
		{0B8F2087-0FAC-4E66-92D6-C2407B7B8D4B}.Release|x86.Build.0 = Release|Win32
	EndGlobalSection
	GlobalSection(SolutionProperties) = preSolution
		HideSolutionNode = FALSE
	EndGlobalSection
	GlobalSection(ExtensibilityGlobals) = postSolution
		SolutionGuid = {278E23FD-953A-4EC6-9360-3D46284B8C92}
	EndGlobalSection
EndGlobal
